
Microsoft Visual Studio Solution File, Format Version 12.00
# Visual Studio Version 16
VisualStudioVersion = 16.0.30804.86
MinimumVisualStudioVersion = 10.0.40219.1
Project("{FAE04EC0-301F-11D3-BF4B-00C04F79EFBC}") = "nasa_apka.Android", "nasa_apka\nasa_apka.Android\nasa_apka.Android.csproj", "{A84BF769-05EA-4731-BE7A-6D351D3B9807}"
EndProject
Project("{FAE04EC0-301F-11D3-BF4B-00C04F79EFBC}") = "nasa_apka", "nasa_apka\nasa_apka\nasa_apka.csproj", "{DC8E0D7F-0D43-41BE-A495-C8140A108561}"
EndProject
Global
	GlobalSection(SolutionConfigurationPlatforms) = preSolution
		Debug|Any CPU = Debug|Any CPU
		Release|Any CPU = Release|Any CPU
	EndGlobalSection
	GlobalSection(ProjectConfigurationPlatforms) = postSolution
		{A84BF769-05EA-4731-BE7A-6D351D3B9807}.Debug|Any CPU.ActiveCfg = Debug|Any CPU
		{A84BF769-05EA-4731-BE7A-6D351D3B9807}.Debug|Any CPU.Build.0 = Debug|Any CPU
		{A84BF769-05EA-4731-BE7A-6D351D3B9807}.Debug|Any CPU.Deploy.0 = Debug|Any CPU
		{A84BF769-05EA-4731-BE7A-6D351D3B9807}.Release|Any CPU.ActiveCfg = Release|Any CPU
		{A84BF769-05EA-4731-BE7A-6D351D3B9807}.Release|Any CPU.Build.0 = Release|Any CPU
		{A84BF769-05EA-4731-BE7A-6D351D3B9807}.Release|Any CPU.Deploy.0 = Release|Any CPU
		{DC8E0D7F-0D43-41BE-A495-C8140A108561}.Debug|Any CPU.ActiveCfg = Debug|Any CPU
		{DC8E0D7F-0D43-41BE-A495-C8140A108561}.Debug|Any CPU.Build.0 = Debug|Any CPU
		{DC8E0D7F-0D43-41BE-A495-C8140A108561}.Debug|Any CPU.Deploy.0 = Debug|Any CPU
		{DC8E0D7F-0D43-41BE-A495-C8140A108561}.Release|Any CPU.ActiveCfg = Release|Any CPU
		{DC8E0D7F-0D43-41BE-A495-C8140A108561}.Release|Any CPU.Build.0 = Release|Any CPU
		{DC8E0D7F-0D43-41BE-A495-C8140A108561}.Release|Any CPU.Deploy.0 = Release|Any CPU
	EndGlobalSection
	GlobalSection(SolutionProperties) = preSolution
		HideSolutionNode = FALSE
	EndGlobalSection
	GlobalSection(ExtensibilityGlobals) = postSolution
		SolutionGuid = {F09ACD85-47A0-429D-A3C9-1D842C25DEB5}
	EndGlobalSection
EndGlobal
